
Microsoft Visual Studio Solution File, Format Version 12.00
# Visual Studio Version 16
VisualStudioVersion = 16.0.31829.152
MinimumVisualStudioVersion = 10.0.40219.1
Project("{FAE04EC0-301F-11D3-BF4B-00C04F79EFBC}") = "ByteBank_Original", "ByteBank_Original\ByteBank_Original.csproj", "{2D0EE111-46C8-436F-9F13-D92E96A376DF}"
EndProject
Global
	GlobalSection(SolutionConfigurationPlatforms) = preSolution
		Debug|Any CPU = Debug|Any CPU
		Release|Any CPU = Release|Any CPU
	EndGlobalSection
	GlobalSection(ProjectConfigurationPlatforms) = postSolution
		{2D0EE111-46C8-436F-9F13-D92E96A376DF}.Debug|Any CPU.ActiveCfg = Debug|Any CPU
		{2D0EE111-46C8-436F-9F13-D92E96A376DF}.Debug|Any CPU.Build.0 = Debug|Any CPU
		{2D0EE111-46C8-436F-9F13-D92E96A376DF}.Release|Any CPU.ActiveCfg = Release|Any CPU
		{2D0EE111-46C8-436F-9F13-D92E96A376DF}.Release|Any CPU.Build.0 = Release|Any CPU
	EndGlobalSection
	GlobalSection(SolutionProperties) = preSolution
		HideSolutionNode = FALSE
	EndGlobalSection
	GlobalSection(ExtensibilityGlobals) = postSolution
		SolutionGuid = {180E1482-952A-4338-9270-EBD4AAE911FF}
	EndGlobalSection
EndGlobal
